
Microsoft Visual Studio Solution File, Format Version 12.00
# Visual Studio 14
VisualStudioVersion = 14.0.25420.1
MinimumVisualStudioVersion = 10.0.40219.1
Project("{FAE04EC0-301F-11D3-BF4B-00C04F79EFBC}") = "CreatePipeline", "Piping\CreatePipeline\CreatePipeline.csproj", "{A92A6CA1-5D43-41E5-9A09-04D0BD593AEA}"
EndProject
Project("{FAE04EC0-301F-11D3-BF4B-00C04F79EFBC}") = "PipeRouting", "Piping\PipeRouting\PipeRouting.csproj", "{DCDC343C-08D8-4C03-AE2E-A7BD67174670}"
EndProject
Project("{FAE04EC0-301F-11D3-BF4B-00C04F79EFBC}") = "Equipment", "Piping\Equipment\Equipment.csproj", "{46D5A3F0-BF8B-46B9-94D6-1C73ADDCFECA}"
EndProject
Project("{FAE04EC0-301F-11D3-BF4B-00C04F79EFBC}") = "PipeSupport", "Piping\PipeSupport\PipeSupport.csproj", "{7176FA22-BF22-4FD6-B327-EACE35582CD3}"
EndProject
Project("{FAE04EC0-301F-11D3-BF4B-00C04F79EFBC}") = "PipingValidation", "Piping\PipingValidation\PipingValidation.csproj", "{F956E388-9756-4B0C-9A84-E8920D892691}"
EndProject
Project("{2150E333-8FDC-42A3-9474-1A3956D46DE8}") = "Piping", "Piping", "{5C731CE3-908E-4E23-B563-471ADEA542F8}"
EndProject
Project("{2150E333-8FDC-42A3-9474-1A3956D46DE8}") = "PnID", "PnID", "{3BE8C422-AB1C-4017-8302-0107F43F7227}"
EndProject
Project("{FAE04EC0-301F-11D3-BF4B-00C04F79EFBC}") = "ListPipelineObjects", "PnID\ListPipelineObjects\ListPipelineObjects.csproj", "{8F132140-0265-4E77-BC5B-DAF2C422FA4B}"
EndProject
Project("{FAE04EC0-301F-11D3-BF4B-00C04F79EFBC}") = "CreateSline", "PnID\PnIDCreateSline\CreateSline.csproj", "{40984DC4-88D8-4CF0-BBC1-00BFCA805438}"
EndProject
Project("{8BC9CEB8-8B4A-11D0-8D11-00A0C91BC942}") = "PnPScanValves", "PnID\PnPScanValves\PnPScanValves.vcxproj", "{0904A904-62AE-4B0D-85AF-AA480445058C}"
EndProject
Global
	GlobalSection(SolutionConfigurationPlatforms) = preSolution
		Debug|x64 = Debug|x64
		Debug|x86 = Debug|x86
		DebugAdeskOnly|x64 = DebugAdeskOnly|x64
		DebugAdeskOnly|x86 = DebugAdeskOnly|x86
		Release|x64 = Release|x64
		Release|x86 = Release|x86
	EndGlobalSection
	GlobalSection(ProjectConfigurationPlatforms) = postSolution
		{A92A6CA1-5D43-41E5-9A09-04D0BD593AEA}.Debug|x64.ActiveCfg = Debug|x64
		{A92A6CA1-5D43-41E5-9A09-04D0BD593AEA}.Debug|x64.Build.0 = Debug|x64
		{A92A6CA1-5D43-41E5-9A09-04D0BD593AEA}.Debug|x86.ActiveCfg = Debug|x86
		{A92A6CA1-5D43-41E5-9A09-04D0BD593AEA}.Debug|x86.Build.0 = Debug|x86
		{A92A6CA1-5D43-41E5-9A09-04D0BD593AEA}.DebugAdeskOnly|x64.ActiveCfg = Debug|x64
		{A92A6CA1-5D43-41E5-9A09-04D0BD593AEA}.DebugAdeskOnly|x64.Build.0 = Debug|x64
		{A92A6CA1-5D43-41E5-9A09-04D0BD593AEA}.DebugAdeskOnly|x86.ActiveCfg = Debug|x86
		{A92A6CA1-5D43-41E5-9A09-04D0BD593AEA}.DebugAdeskOnly|x86.Build.0 = Debug|x86
		{A92A6CA1-5D43-41E5-9A09-04D0BD593AEA}.Release|x64.ActiveCfg = Release|x64
		{A92A6CA1-5D43-41E5-9A09-04D0BD593AEA}.Release|x64.Build.0 = Release|x64
		{A92A6CA1-5D43-41E5-9A09-04D0BD593AEA}.Release|x86.ActiveCfg = Release|x86
		{A92A6CA1-5D43-41E5-9A09-04D0BD593AEA}.Release|x86.Build.0 = Release|x86
		{DCDC343C-08D8-4C03-AE2E-A7BD67174670}.Debug|x64.ActiveCfg = Debug|x64
		{DCDC343C-08D8-4C03-AE2E-A7BD67174670}.Debug|x64.Build.0 = Debug|x64
		{DCDC343C-08D8-4C03-AE2E-A7BD67174670}.Debug|x86.ActiveCfg = Debug|x86
		{DCDC343C-08D8-4C03-AE2E-A7BD67174670}.Debug|x86.Build.0 = Debug|x86
		{DCDC343C-08D8-4C03-AE2E-A7BD67174670}.DebugAdeskOnly|x64.ActiveCfg = Debug|x64
		{DCDC343C-08D8-4C03-AE2E-A7BD67174670}.DebugAdeskOnly|x64.Build.0 = Debug|x64
		{DCDC343C-08D8-4C03-AE2E-A7BD67174670}.DebugAdeskOnly|x86.ActiveCfg = Debug|x86
		{DCDC343C-08D8-4C03-AE2E-A7BD67174670}.DebugAdeskOnly|x86.Build.0 = Debug|x86
		{DCDC343C-08D8-4C03-AE2E-A7BD67174670}.Release|x64.ActiveCfg = Release|x64
		{DCDC343C-08D8-4C03-AE2E-A7BD67174670}.Release|x64.Build.0 = Release|x64
		{DCDC343C-08D8-4C03-AE2E-A7BD67174670}.Release|x86.ActiveCfg = Release|x86
		{DCDC343C-08D8-4C03-AE2E-A7BD67174670}.Release|x86.Build.0 = Release|x86
		{46D5A3F0-BF8B-46B9-94D6-1C73ADDCFECA}.Debug|x64.ActiveCfg = Debug|x64
		{46D5A3F0-BF8B-46B9-94D6-1C73ADDCFECA}.Debug|x64.Build.0 = Debug|x64
		{46D5A3F0-BF8B-46B9-94D6-1C73ADDCFECA}.Debug|x86.ActiveCfg = Debug|x86
		{46D5A3F0-BF8B-46B9-94D6-1C73ADDCFECA}.Debug|x86.Build.0 = Debug|x86
		{46D5A3F0-BF8B-46B9-94D6-1C73ADDCFECA}.DebugAdeskOnly|x64.ActiveCfg = Debug|x64
		{46D5A3F0-BF8B-46B9-94D6-1C73ADDCFECA}.DebugAdeskOnly|x64.Build.0 = Debug|x64
		{46D5A3F0-BF8B-46B9-94D6-1C73ADDCFECA}.DebugAdeskOnly|x86.ActiveCfg = Debug|x86
		{46D5A3F0-BF8B-46B9-94D6-1C73ADDCFECA}.DebugAdeskOnly|x86.Build.0 = Debug|x86
		{46D5A3F0-BF8B-46B9-94D6-1C73ADDCFECA}.Release|x64.ActiveCfg = Release|x64
		{46D5A3F0-BF8B-46B9-94D6-1C73ADDCFECA}.Release|x64.Build.0 = Release|x64
		{46D5A3F0-BF8B-46B9-94D6-1C73ADDCFECA}.Release|x86.ActiveCfg = Release|x86
		{46D5A3F0-BF8B-46B9-94D6-1C73ADDCFECA}.Release|x86.Build.0 = Release|x86
		{7176FA22-BF22-4FD6-B327-EACE35582CD3}.Debug|x64.ActiveCfg = Debug|x64
		{7176FA22-BF22-4FD6-B327-EACE35582CD3}.Debug|x64.Build.0 = Debug|x64
		{7176FA22-BF22-4FD6-B327-EACE35582CD3}.Debug|x86.ActiveCfg = Debug|x86
		{7176FA22-BF22-4FD6-B327-EACE35582CD3}.Debug|x86.Build.0 = Debug|x86
		{7176FA22-BF22-4FD6-B327-EACE35582CD3}.DebugAdeskOnly|x64.ActiveCfg = Debug|x64
		{7176FA22-BF22-4FD6-B327-EACE35582CD3}.DebugAdeskOnly|x64.Build.0 = Debug|x64
		{7176FA22-BF22-4FD6-B327-EACE35582CD3}.DebugAdeskOnly|x86.ActiveCfg = Debug|x86
		{7176FA22-BF22-4FD6-B327-EACE35582CD3}.DebugAdeskOnly|x86.Build.0 = Debug|x86
		{7176FA22-BF22-4FD6-B327-EACE35582CD3}.Release|x64.ActiveCfg = Release|x64
		{7176FA22-BF22-4FD6-B327-EACE35582CD3}.Release|x64.Build.0 = Release|x64
		{7176FA22-BF22-4FD6-B327-EACE35582CD3}.Release|x86.ActiveCfg = Release|x86
		{7176FA22-BF22-4FD6-B327-EACE35582CD3}.Release|x86.Build.0 = Release|x86
		{F956E388-9756-4B0C-9A84-E8920D892691}.Debug|x64.ActiveCfg = Debug|x64
		{F956E388-9756-4B0C-9A84-E8920D892691}.Debug|x64.Build.0 = Debug|x64
		{F956E388-9756-4B0C-9A84-E8920D892691}.Debug|x86.ActiveCfg = Debug|x86
		{F956E388-9756-4B0C-9A84-E8920D892691}.Debug|x86.Build.0 = Debug|x86
		{F956E388-9756-4B0C-9A84-E8920D892691}.DebugAdeskOnly|x64.ActiveCfg = Debug|x64
		{F956E388-9756-4B0C-9A84-E8920D892691}.DebugAdeskOnly|x64.Build.0 = Debug|x64
		{F956E388-9756-4B0C-9A84-E8920D892691}.DebugAdeskOnly|x86.ActiveCfg = Debug|x86
		{F956E388-9756-4B0C-9A84-E8920D892691}.DebugAdeskOnly|x86.Build.0 = Debug|x86
		{F956E388-9756-4B0C-9A84-E8920D892691}.Release|x64.ActiveCfg = Release|x64
		{F956E388-9756-4B0C-9A84-E8920D892691}.Release|x64.Build.0 = Release|x64
		{F956E388-9756-4B0C-9A84-E8920D892691}.Release|x86.ActiveCfg = Release|x86
		{F956E388-9756-4B0C-9A84-E8920D892691}.Release|x86.Build.0 = Release|x86
		{8F132140-0265-4E77-BC5B-DAF2C422FA4B}.Debug|x64.ActiveCfg = Debug|x64
		{8F132140-0265-4E77-BC5B-DAF2C422FA4B}.Debug|x64.Build.0 = Debug|x64
		{8F132140-0265-4E77-BC5B-DAF2C422FA4B}.Debug|x86.ActiveCfg = Debug|x86
		{8F132140-0265-4E77-BC5B-DAF2C422FA4B}.Debug|x86.Build.0 = Debug|x86
		{8F132140-0265-4E77-BC5B-DAF2C422FA4B}.DebugAdeskOnly|x64.ActiveCfg = Debug|x64
		{8F132140-0265-4E77-BC5B-DAF2C422FA4B}.DebugAdeskOnly|x64.Build.0 = Debug|x64
		{8F132140-0265-4E77-BC5B-DAF2C422FA4B}.DebugAdeskOnly|x86.ActiveCfg = Debug|x86
		{8F132140-0265-4E77-BC5B-DAF2C422FA4B}.DebugAdeskOnly|x86.Build.0 = Debug|x86
		{8F132140-0265-4E77-BC5B-DAF2C422FA4B}.Release|x64.ActiveCfg = Release|x64
		{8F132140-0265-4E77-BC5B-DAF2C422FA4B}.Release|x64.Build.0 = Release|x64
		{8F132140-0265-4E77-BC5B-DAF2C422FA4B}.Release|x86.ActiveCfg = Release|x86
		{8F132140-0265-4E77-BC5B-DAF2C422FA4B}.Release|x86.Build.0 = Release|x86
		{40984DC4-88D8-4CF0-BBC1-00BFCA805438}.Debug|x64.ActiveCfg = Debug|x64
		{40984DC4-88D8-4CF0-BBC1-00BFCA805438}.Debug|x64.Build.0 = Debug|x64
		{40984DC4-88D8-4CF0-BBC1-00BFCA805438}.Debug|x86.ActiveCfg = Debug|x86
		{40984DC4-88D8-4CF0-BBC1-00BFCA805438}.Debug|x86.Build.0 = Debug|x86
		{40984DC4-88D8-4CF0-BBC1-00BFCA805438}.DebugAdeskOnly|x64.ActiveCfg = Debug|x64
		{40984DC4-88D8-4CF0-BBC1-00BFCA805438}.DebugAdeskOnly|x64.Build.0 = Debug|x64
		{40984DC4-88D8-4CF0-BBC1-00BFCA805438}.DebugAdeskOnly|x86.ActiveCfg = Debug|x86
		{40984DC4-88D8-4CF0-BBC1-00BFCA805438}.DebugAdeskOnly|x86.Build.0 = Debug|x86
		{40984DC4-88D8-4CF0-BBC1-00BFCA805438}.Release|x64.ActiveCfg = Release|x64
		{40984DC4-88D8-4CF0-BBC1-00BFCA805438}.Release|x64.Build.0 = Release|x64
		{40984DC4-88D8-4CF0-BBC1-00BFCA805438}.Release|x86.ActiveCfg = Release|x86
		{40984DC4-88D8-4CF0-BBC1-00BFCA805438}.Release|x86.Build.0 = Release|x86
		{0904A904-62AE-4B0D-85AF-AA480445058C}.Debug|x64.ActiveCfg = Debug|x64
		{0904A904-62AE-4B0D-85AF-AA480445058C}.Debug|x64.Build.0 = Debug|x64
		{0904A904-62AE-4B0D-85AF-AA480445058C}.Debug|x86.ActiveCfg = Debug|Win32
		{0904A904-62AE-4B0D-85AF-AA480445058C}.Debug|x86.Build.0 = Debug|Win32
		{0904A904-62AE-4B0D-85AF-AA480445058C}.DebugAdeskOnly|x64.ActiveCfg = DebugAdeskOnly|x64
		{0904A904-62AE-4B0D-85AF-AA480445058C}.DebugAdeskOnly|x64.Build.0 = DebugAdeskOnly|x64
		{0904A904-62AE-4B0D-85AF-AA480445058C}.DebugAdeskOnly|x86.ActiveCfg = DebugAdeskOnly|Win32
		{0904A904-62AE-4B0D-85AF-AA480445058C}.DebugAdeskOnly|x86.Build.0 = DebugAdeskOnly|Win32
		{0904A904-62AE-4B0D-85AF-AA480445058C}.Release|x64.ActiveCfg = Release|x64
		{0904A904-62AE-4B0D-85AF-AA480445058C}.Release|x64.Build.0 = Release|x64
		{0904A904-62AE-4B0D-85AF-AA480445058C}.Release|x86.ActiveCfg = Release|Win32
		{0904A904-62AE-4B0D-85AF-AA480445058C}.Release|x86.Build.0 = Release|Win32
	EndGlobalSection
	GlobalSection(SolutionProperties) = preSolution
		HideSolutionNode = FALSE
	EndGlobalSection
	GlobalSection(NestedProjects) = preSolution
		{A92A6CA1-5D43-41E5-9A09-04D0BD593AEA} = {5C731CE3-908E-4E23-B563-471ADEA542F8}
		{DCDC343C-08D8-4C03-AE2E-A7BD67174670} = {5C731CE3-908E-4E23-B563-471ADEA542F8}
		{46D5A3F0-BF8B-46B9-94D6-1C73ADDCFECA} = {5C731CE3-908E-4E23-B563-471ADEA542F8}
		{7176FA22-BF22-4FD6-B327-EACE35582CD3} = {5C731CE3-908E-4E23-B563-471ADEA542F8}
		{F956E388-9756-4B0C-9A84-E8920D892691} = {5C731CE3-908E-4E23-B563-471ADEA542F8}
		{8F132140-0265-4E77-BC5B-DAF2C422FA4B} = {3BE8C422-AB1C-4017-8302-0107F43F7227}
		{40984DC4-88D8-4CF0-BBC1-00BFCA805438} = {3BE8C422-AB1C-4017-8302-0107F43F7227}
		{0904A904-62AE-4B0D-85AF-AA480445058C} = {3BE8C422-AB1C-4017-8302-0107F43F7227}
	EndGlobalSection
EndGlobal
